
Microsoft Visual Studio Solution File, Format Version 12.00
# Visual Studio Version 17
VisualStudioVersion = 17.0.31912.275
MinimumVisualStudioVersion = 10.0.40219.1
Project("{2150E333-8FDC-42A3-9474-1A3956D46DE8}") = "Sources", "Sources", "{79DE0448-1BF2-48D2-8A33-243E402CFD27}"
EndProject
Project("{2150E333-8FDC-42A3-9474-1A3956D46DE8}") = "Tests", "Tests", "{CD412C3D-63D0-4726-B4C3-FEF701E4DCAF}"
EndProject
Project("{9A19103F-16F7-4668-BE54-9A1E7A4F7556}") = "ArmoniK.DevelopmentKit.Worker.DLLWorker", "Worker\src\DLLWorker\ArmoniK.DevelopmentKit.Worker.DLLWorker.csproj", "{1A922DF7-0F98-468B-AA5C-D652FADF35BF}"
EndProject
Project("{9A19103F-16F7-4668-BE54-9A1E7A4F7556}") = "ArmoniK.DevelopmentKit.Worker.Common", "Worker\src\Common\ArmoniK.DevelopmentKit.Worker.Common.csproj", "{68E88608-FB63-467C-9530-3DDB8AD6EB0F}"
EndProject
Project("{9A19103F-16F7-4668-BE54-9A1E7A4F7556}") = "ArmoniK.DevelopmentKit.Common", "Common\src\Common\ArmoniK.DevelopmentKit.Common.csproj", "{DFF976DF-D921-4E76-A0D2-012549CC7A0B}"
EndProject
Project("{2150E333-8FDC-42A3-9474-1A3956D46DE8}") = "Common", "Common", "{29622951-3654-41F0-9393-11D6737FD1F0}"
EndProject
Project("{2150E333-8FDC-42A3-9474-1A3956D46DE8}") = "Solution Items", "Solution Items", "{0977490A-4959-4F0C-BAE6-1EEB38476A1B}"
	ProjectSection(SolutionItems) = preProject
		.editorconfig = .editorconfig
		Directory.Build.props = Directory.Build.props
	EndProjectSection
EndProject
Project("{9A19103F-16F7-4668-BE54-9A1E7A4F7556}") = "ArmoniK.DevelopmentKit.Client.Unified", "Client\src\Unified\ArmoniK.DevelopmentKit.Client.Unified.csproj", "{18891AF2-C21B-4BCC-A335-E644AE36A697}"
EndProject
Project("{9A19103F-16F7-4668-BE54-9A1E7A4F7556}") = "ArmoniK.DevelopmentKit.Worker.Unified", "Worker\src\Unified\ArmoniK.DevelopmentKit.Worker.Unified.csproj", "{72CA3DDF-86A0-49C3-8382-7748CCDD87F7}"
EndProject
Project("{2150E333-8FDC-42A3-9474-1A3956D46DE8}") = "Client", "Client", "{2D655256-AEE1-44D1-80F8-4A295C620344}"
EndProject
Project("{2150E333-8FDC-42A3-9474-1A3956D46DE8}") = "Common", "Common", "{CAB1F315-A991-4507-9FE0-ADC18B6D8A35}"
EndProject
Project("{9A19103F-16F7-4668-BE54-9A1E7A4F7556}") = "ArmoniK.DevelopmentKit.Client.Common", "Client\src\Common\ArmoniK.DevelopmentKit.Client.Common.csproj", "{B755539F-FEBA-4579-AFA0-41E95EF70072}"
EndProject
Project("{2150E333-8FDC-42A3-9474-1A3956D46DE8}") = "Unified", "Unified", "{EC7E099B-3B15-4132-9FCE-0FF772EBF513}"
EndProject
Project("{2150E333-8FDC-42A3-9474-1A3956D46DE8}") = "Worker", "Worker", "{9EFC0507-3071-4F7D-BFDD-6D99880D80C4}"
EndProject
Project("{2150E333-8FDC-42A3-9474-1A3956D46DE8}") = "Common", "Common", "{606C89E4-ACD6-45F6-9A40-5C6A6D845C5C}"
EndProject
Project("{2150E333-8FDC-42A3-9474-1A3956D46DE8}") = "Unified", "Unified", "{E6F98032-63BB-41CC-8E71-5E5DB54C3A87}"
EndProject
Project("{2150E333-8FDC-42A3-9474-1A3956D46DE8}") = "DLLWorker", "DLLWorker", "{AB285F22-A32F-4C5C-A6B3-294E347BFFAE}"
EndProject
Project("{9A19103F-16F7-4668-BE54-9A1E7A4F7556}") = "ArmoniK.EndToEndTests.Common", "Tests\ArmoniK.EndToEndTests\ArmoniK.EndToEndTests.Common\ArmoniK.EndToEndTests.Common.csproj", "{E7AE7482-42A7-4113-AB1E-EBECE53AF6CA}"
EndProject
Project("{9A19103F-16F7-4668-BE54-9A1E7A4F7556}") = "ArmoniK.EndToEndTests.Client", "Tests\ArmoniK.EndToEndTests\ArmoniK.EndToEndTests.Client\ArmoniK.EndToEndTests.Client.csproj", "{7E5AE5BF-099E-4E00-B7CB-1C80FDC7C193}"
EndProject
Project("{9A19103F-16F7-4668-BE54-9A1E7A4F7556}") = "ArmoniK.EndToEndTests.Worker", "Tests\ArmoniK.EndToEndTests\ArmoniK.EndToEndTests.Worker\ArmoniK.EndToEndTests.Worker.csproj", "{B960962F-4CB1-480D-8D10-9DE2990896B7}"
EndProject
Project("{9A19103F-16F7-4668-BE54-9A1E7A4F7556}") = "ArmoniK.DevelopmentKit.Common.Tests", "Tests\ArmoniK.DevelopmentKit.Common.Tests\ArmoniK.DevelopmentKit.Common.Tests.csproj", "{84BB2691-33F0-45B4-8D63-0ECF82708CFC}"
EndProject
Global
	GlobalSection(SolutionConfigurationPlatforms) = preSolution
		Debug|Any CPU = Debug|Any CPU
		Release|Any CPU = Release|Any CPU
	EndGlobalSection
	GlobalSection(ProjectConfigurationPlatforms) = postSolution
		{1A922DF7-0F98-468B-AA5C-D652FADF35BF}.Debug|Any CPU.ActiveCfg = Debug|Any CPU
		{1A922DF7-0F98-468B-AA5C-D652FADF35BF}.Debug|Any CPU.Build.0 = Debug|Any CPU
		{1A922DF7-0F98-468B-AA5C-D652FADF35BF}.Release|Any CPU.ActiveCfg = Release|Any CPU
		{1A922DF7-0F98-468B-AA5C-D652FADF35BF}.Release|Any CPU.Build.0 = Release|Any CPU
		{68E88608-FB63-467C-9530-3DDB8AD6EB0F}.Debug|Any CPU.ActiveCfg = Debug|Any CPU
		{68E88608-FB63-467C-9530-3DDB8AD6EB0F}.Debug|Any CPU.Build.0 = Debug|Any CPU
		{68E88608-FB63-467C-9530-3DDB8AD6EB0F}.Release|Any CPU.ActiveCfg = Release|Any CPU
		{68E88608-FB63-467C-9530-3DDB8AD6EB0F}.Release|Any CPU.Build.0 = Release|Any CPU
		{DFF976DF-D921-4E76-A0D2-012549CC7A0B}.Debug|Any CPU.ActiveCfg = Debug|Any CPU
		{DFF976DF-D921-4E76-A0D2-012549CC7A0B}.Debug|Any CPU.Build.0 = Debug|Any CPU
		{DFF976DF-D921-4E76-A0D2-012549CC7A0B}.Release|Any CPU.ActiveCfg = Release|Any CPU
		{DFF976DF-D921-4E76-A0D2-012549CC7A0B}.Release|Any CPU.Build.0 = Release|Any CPU
		{18891AF2-C21B-4BCC-A335-E644AE36A697}.Debug|Any CPU.ActiveCfg = Debug|Any CPU
		{18891AF2-C21B-4BCC-A335-E644AE36A697}.Debug|Any CPU.Build.0 = Debug|Any CPU
		{18891AF2-C21B-4BCC-A335-E644AE36A697}.Release|Any CPU.ActiveCfg = Release|Any CPU
		{18891AF2-C21B-4BCC-A335-E644AE36A697}.Release|Any CPU.Build.0 = Release|Any CPU
		{72CA3DDF-86A0-49C3-8382-7748CCDD87F7}.Debug|Any CPU.ActiveCfg = Debug|Any CPU
		{72CA3DDF-86A0-49C3-8382-7748CCDD87F7}.Debug|Any CPU.Build.0 = Debug|Any CPU
		{72CA3DDF-86A0-49C3-8382-7748CCDD87F7}.Release|Any CPU.ActiveCfg = Release|Any CPU
		{72CA3DDF-86A0-49C3-8382-7748CCDD87F7}.Release|Any CPU.Build.0 = Release|Any CPU
		{B755539F-FEBA-4579-AFA0-41E95EF70072}.Debug|Any CPU.ActiveCfg = Debug|Any CPU
		{B755539F-FEBA-4579-AFA0-41E95EF70072}.Debug|Any CPU.Build.0 = Debug|Any CPU
		{B755539F-FEBA-4579-AFA0-41E95EF70072}.Release|Any CPU.ActiveCfg = Release|Any CPU
		{B755539F-FEBA-4579-AFA0-41E95EF70072}.Release|Any CPU.Build.0 = Release|Any CPU
		{E7AE7482-42A7-4113-AB1E-EBECE53AF6CA}.Debug|Any CPU.ActiveCfg = Debug|Any CPU
		{E7AE7482-42A7-4113-AB1E-EBECE53AF6CA}.Debug|Any CPU.Build.0 = Debug|Any CPU
		{E7AE7482-42A7-4113-AB1E-EBECE53AF6CA}.Release|Any CPU.ActiveCfg = Release|Any CPU
		{E7AE7482-42A7-4113-AB1E-EBECE53AF6CA}.Release|Any CPU.Build.0 = Release|Any CPU
		{7E5AE5BF-099E-4E00-B7CB-1C80FDC7C193}.Debug|Any CPU.ActiveCfg = Debug|Any CPU
		{7E5AE5BF-099E-4E00-B7CB-1C80FDC7C193}.Debug|Any CPU.Build.0 = Debug|Any CPU
		{7E5AE5BF-099E-4E00-B7CB-1C80FDC7C193}.Release|Any CPU.ActiveCfg = Release|Any CPU
		{7E5AE5BF-099E-4E00-B7CB-1C80FDC7C193}.Release|Any CPU.Build.0 = Release|Any CPU
		{B960962F-4CB1-480D-8D10-9DE2990896B7}.Debug|Any CPU.ActiveCfg = Debug|Any CPU
		{B960962F-4CB1-480D-8D10-9DE2990896B7}.Debug|Any CPU.Build.0 = Debug|Any CPU
		{B960962F-4CB1-480D-8D10-9DE2990896B7}.Release|Any CPU.ActiveCfg = Release|Any CPU
		{B960962F-4CB1-480D-8D10-9DE2990896B7}.Release|Any CPU.Build.0 = Release|Any CPU
		{84BB2691-33F0-45B4-8D63-0ECF82708CFC}.Debug|Any CPU.ActiveCfg = Debug|Any CPU
		{84BB2691-33F0-45B4-8D63-0ECF82708CFC}.Debug|Any CPU.Build.0 = Debug|Any CPU
		{84BB2691-33F0-45B4-8D63-0ECF82708CFC}.Release|Any CPU.ActiveCfg = Release|Any CPU
		{84BB2691-33F0-45B4-8D63-0ECF82708CFC}.Release|Any CPU.Build.0 = Release|Any CPU
	EndGlobalSection
	GlobalSection(SolutionProperties) = preSolution
		HideSolutionNode = FALSE
	EndGlobalSection
	GlobalSection(NestedProjects) = preSolution
		{1A922DF7-0F98-468B-AA5C-D652FADF35BF} = {AB285F22-A32F-4C5C-A6B3-294E347BFFAE}
		{68E88608-FB63-467C-9530-3DDB8AD6EB0F} = {606C89E4-ACD6-45F6-9A40-5C6A6D845C5C}
		{DFF976DF-D921-4E76-A0D2-012549CC7A0B} = {29622951-3654-41F0-9393-11D6737FD1F0}
		{29622951-3654-41F0-9393-11D6737FD1F0} = {79DE0448-1BF2-48D2-8A33-243E402CFD27}
		{18891AF2-C21B-4BCC-A335-E644AE36A697} = {EC7E099B-3B15-4132-9FCE-0FF772EBF513}
		{72CA3DDF-86A0-49C3-8382-7748CCDD87F7} = {E6F98032-63BB-41CC-8E71-5E5DB54C3A87}
		{2D655256-AEE1-44D1-80F8-4A295C620344} = {79DE0448-1BF2-48D2-8A33-243E402CFD27}
		{CAB1F315-A991-4507-9FE0-ADC18B6D8A35} = {2D655256-AEE1-44D1-80F8-4A295C620344}
		{B755539F-FEBA-4579-AFA0-41E95EF70072} = {CAB1F315-A991-4507-9FE0-ADC18B6D8A35}
		{EC7E099B-3B15-4132-9FCE-0FF772EBF513} = {2D655256-AEE1-44D1-80F8-4A295C620344}
		{9EFC0507-3071-4F7D-BFDD-6D99880D80C4} = {79DE0448-1BF2-48D2-8A33-243E402CFD27}
		{606C89E4-ACD6-45F6-9A40-5C6A6D845C5C} = {9EFC0507-3071-4F7D-BFDD-6D99880D80C4}
		{E6F98032-63BB-41CC-8E71-5E5DB54C3A87} = {9EFC0507-3071-4F7D-BFDD-6D99880D80C4}
		{AB285F22-A32F-4C5C-A6B3-294E347BFFAE} = {9EFC0507-3071-4F7D-BFDD-6D99880D80C4}
		{E7AE7482-42A7-4113-AB1E-EBECE53AF6CA} = {CD412C3D-63D0-4726-B4C3-FEF701E4DCAF}
		{7E5AE5BF-099E-4E00-B7CB-1C80FDC7C193} = {CD412C3D-63D0-4726-B4C3-FEF701E4DCAF}
		{B960962F-4CB1-480D-8D10-9DE2990896B7} = {CD412C3D-63D0-4726-B4C3-FEF701E4DCAF}
		{84BB2691-33F0-45B4-8D63-0ECF82708CFC} = {CD412C3D-63D0-4726-B4C3-FEF701E4DCAF}
	EndGlobalSection
	GlobalSection(ExtensibilityGlobals) = postSolution
		SolutionGuid = {1285A466-2AF6-43E6-8DCC-2F93A5D5F02E}
	EndGlobalSection
EndGlobal
